
Microsoft Visual Studio Solution File, Format Version 12.00
# Visual Studio Version 16
VisualStudioVersion = 16.0.31424.327
MinimumVisualStudioVersion = 10.0.40219.1
Project("{FAE04EC0-301F-11D3-BF4B-00C04F79EFBC}") = "AuthenticatorAPI", "AuthenticatorAPI\AuthenticatorAPI.csproj", "{D4428B3C-2FF2-4236-87CD-AE96A0F8EC60}"
EndProject
Project("{FAE04EC0-301F-11D3-BF4B-00C04F79EFBC}") = "Authenticator.Entities", "Authenticator.Entities\Authenticator.Entities.csproj", "{C850BD01-2E7C-4811-9B41-722C79F75D42}"
EndProject
Project("{FAE04EC0-301F-11D3-BF4B-00C04F79EFBC}") = "AuthenticatorAPI.Infrastructure", "AuthenticatorAPI.Infrastructure\AuthenticatorAPI.Infrastructure.csproj", "{95FCFF1F-148D-4D4E-8973-3A997F830174}"
EndProject
Global
	GlobalSection(SolutionConfigurationPlatforms) = preSolution
		Debug|Any CPU = Debug|Any CPU
		Release|Any CPU = Release|Any CPU
	EndGlobalSection
	GlobalSection(ProjectConfigurationPlatforms) = postSolution
		{D4428B3C-2FF2-4236-87CD-AE96A0F8EC60}.Debug|Any CPU.ActiveCfg = Debug|Any CPU
		{D4428B3C-2FF2-4236-87CD-AE96A0F8EC60}.Debug|Any CPU.Build.0 = Debug|Any CPU
		{D4428B3C-2FF2-4236-87CD-AE96A0F8EC60}.Release|Any CPU.ActiveCfg = Release|Any CPU
		{D4428B3C-2FF2-4236-87CD-AE96A0F8EC60}.Release|Any CPU.Build.0 = Release|Any CPU
		{C850BD01-2E7C-4811-9B41-722C79F75D42}.Debug|Any CPU.ActiveCfg = Debug|Any CPU
		{C850BD01-2E7C-4811-9B41-722C79F75D42}.Debug|Any CPU.Build.0 = Debug|Any CPU
		{C850BD01-2E7C-4811-9B41-722C79F75D42}.Release|Any CPU.ActiveCfg = Release|Any CPU
		{C850BD01-2E7C-4811-9B41-722C79F75D42}.Release|Any CPU.Build.0 = Release|Any CPU
		{95FCFF1F-148D-4D4E-8973-3A997F830174}.Debug|Any CPU.ActiveCfg = Debug|Any CPU
		{95FCFF1F-148D-4D4E-8973-3A997F830174}.Debug|Any CPU.Build.0 = Debug|Any CPU
		{95FCFF1F-148D-4D4E-8973-3A997F830174}.Release|Any CPU.ActiveCfg = Release|Any CPU
		{95FCFF1F-148D-4D4E-8973-3A997F830174}.Release|Any CPU.Build.0 = Release|Any CPU
	EndGlobalSection
	GlobalSection(SolutionProperties) = preSolution
		HideSolutionNode = FALSE
	EndGlobalSection
	GlobalSection(ExtensibilityGlobals) = postSolution
		SolutionGuid = {F15C74C8-9199-45FC-8EA4-25342A9A4AC4}
	EndGlobalSection
EndGlobal
